// !$*UTF8*$!
{
	archiveVersion = 1;
	classes = {
	};
	objectVersion = 56;
	objects = {

/* Begin PBXBuildFile section */
		00FFA1912D0EE08F007AD92C /* ResourcePath.mm in Sources */ = {isa = PBXBuildFile; fileRef = 00FFA1902D0EE08F007AD92C /* ResourcePath.mm */; };
		00FFA1992D0EE08F007AD92C /* doodle_pop.ogg in Resources */ = {isa = PBXBuildFile; fileRef = 00FFA1982D0EE08F007AD92C /* doodle_pop.ogg */; };
		00FFA19B2D0EE08F007AD92C /* tuffy.ttf in Resources */ = {isa = PBXBuildFile; fileRef = 00FFA19A2D0EE08F007AD92C /* tuffy.ttf */; };
		00FFA1CF2D0EE17D007AD92C /* libsfml-audio.2.6.2.dylib in Frameworks */ = {isa = PBXBuildFile; fileRef = 00FFA1C12D0EE17C007AD92C /* libsfml-audio.2.6.2.dylib */; };
		00FFA1D02D0EE17D007AD92C /* libsfml-window.2.6.dylib in Frameworks */ = {isa = PBXBuildFile; fileRef = 00FFA1C22D0EE17C007AD92C /* libsfml-window.2.6.dylib */; };
		00FFA1D12D0EE17D007AD92C /* libsfml-graphics.dylib in Frameworks */ = {isa = PBXBuildFile; fileRef = 00FFA1C32D0EE17C007AD92C /* libsfml-graphics.dylib */; };
		00FFA1D22D0EE17D007AD92C /* libsfml-network.dylib in Frameworks */ = {isa = PBXBuildFile; fileRef = 00FFA1C42D0EE17C007AD92C /* libsfml-network.dylib */; };
		00FFA1D32D0EE17D007AD92C /* libsfml-network.2.6.dylib in Frameworks */ = {isa = PBXBuildFile; fileRef = 00FFA1C52D0EE17C007AD92C /* libsfml-network.2.6.dylib */; };
		00FFA1D42D0EE17D007AD92C /* libsfml-audio.2.6.dylib in Frameworks */ = {isa = PBXBuildFile; fileRef = 00FFA1C62D0EE17C007AD92C /* libsfml-audio.2.6.dylib */; };
		00FFA1D52D0EE17D007AD92C /* libsfml-window.dylib in Frameworks */ = {isa = PBXBuildFile; fileRef = 00FFA1C72D0EE17C007AD92C /* libsfml-window.dylib */; };
		00FFA1D62D0EE17D007AD92C /* libsfml-graphics.2.6.dylib in Frameworks */ = {isa = PBXBuildFile; fileRef = 00FFA1C82D0EE17C007AD92C /* libsfml-graphics.2.6.dylib */; };
		00FFA1D72D0EE17D007AD92C /* libsfml-system.dylib in Frameworks */ = {isa = PBXBuildFile; fileRef = 00FFA1C92D0EE17C007AD92C /* libsfml-system.dylib */; };
		00FFA1D82D0EE17D007AD92C /* libsfml-system.2.6.dylib in Frameworks */ = {isa = PBXBuildFile; fileRef = 00FFA1CA2D0EE17C007AD92C /* libsfml-system.2.6.dylib */; };
		00FFA1D92D0EE17D007AD92C /* libsfml-audio.dylib in Frameworks */ = {isa = PBXBuildFile; fileRef = 00FFA1CB2D0EE17D007AD92C /* libsfml-audio.dylib */; };
		00FFA1DA2D0EE17D007AD92C /* libsfml-graphics.2.6.2.dylib in Frameworks */ = {isa = PBXBuildFile; fileRef = 00FFA1CC2D0EE17D007AD92C /* libsfml-graphics.2.6.2.dylib */; };
		00FFA1DB2D0EE17D007AD92C /* libsfml-window.2.6.2.dylib in Frameworks */ = {isa = PBXBuildFile; fileRef = 00FFA1CD2D0EE17D007AD92C /* libsfml-window.2.6.2.dylib */; };
		00FFA1DC2D0EE17D007AD92C /* libsfml-network.2.6.2.dylib in Frameworks */ = {isa = PBXBuildFile; fileRef = 00FFA1CE2D0EE17D007AD92C /* libsfml-network.2.6.2.dylib */; };
		00FFA2132D0EE202007AD92C /* Direction.cpp in Sources */ = {isa = PBXBuildFile; fileRef = 00FFA20F2D0EE202007AD92C /* Direction.cpp */; };
		00FFA2142D0EE202007AD92C /* GameField.cpp in Sources */ = {isa = PBXBuildFile; fileRef = 00FFA2082D0EE201007AD92C /* GameField.cpp */; };
		00FFA2152D0EE202007AD92C /* FoodSpawner.cpp in Sources */ = {isa = PBXBuildFile; fileRef = 00FFA2102D0EE202007AD92C /* FoodSpawner.cpp */; };
		00FFA2162D0EE202007AD92C /* Game.cpp in Sources */ = {isa = PBXBuildFile; fileRef = 00FFA20A2D0EE201007AD92C /* Game.cpp */; };
		00FFA2172D0EE202007AD92C /* main.cpp in Sources */ = {isa = PBXBuildFile; fileRef = 00FFA2122D0EE202007AD92C /* main.cpp */; };
		00FFA2182D0EE202007AD92C /* Segment.cpp in Sources */ = {isa = PBXBuildFile; fileRef = 00FFA2012D0EE201007AD92C /* Segment.cpp */; };
		00FFA2192D0EE202007AD92C /* Snake.cpp in Sources */ = {isa = PBXBuildFile; fileRef = 00FFA2022D0EE201007AD92C /* Snake.cpp */; };
		00FFA2212D0F00D0007AD92C /* apple.png in Resources */ = {isa = PBXBuildFile; fileRef = 00FFA2202D0F00D0007AD92C /* apple.png */; };
		00FFA2232D0F05C6007AD92C /* background.png in Resources */ = {isa = PBXBuildFile; fileRef = 00FFA2222D0F05C6007AD92C /* background.png */; };
/* End PBXBuildFile section */

/* Begin PBXFileReference section */
		00FFA18B2D0EE08F007AD92C /* snake-sfml.app */ = {isa = PBXFileReference; explicitFileType = wrapper.application; includeInIndex = 0; path = "snake-sfml.app"; sourceTree = BUILT_PRODUCTS_DIR; };
		00FFA18F2D0EE08F007AD92C /* snake-sfml-Info.plist */ = {isa = PBXFileReference; lastKnownFileType = text.plist.xml; name = "snake-sfml-Info.plist"; path = "../snake-sfml-Info.plist"; sourceTree = "<group>"; };
		00FFA1902D0EE08F007AD92C /* ResourcePath.mm */ = {isa = PBXFileReference; lastKnownFileType = sourcecode.cpp.objcpp; path = ResourcePath.mm; sourceTree = "<group>"; };
		00FFA1922D0EE08F007AD92C /* ResourcePath.hpp */ = {isa = PBXFileReference; lastKnownFileType = sourcecode.cpp.h; path = ResourcePath.hpp; sourceTree = "<group>"; };
		00FFA1982D0EE08F007AD92C /* doodle_pop.ogg */ = {isa = PBXFileReference; lastKnownFileType = file; name = doodle_pop.ogg; path = ../doodle_pop.ogg; sourceTree = "<group>"; };
		00FFA19A2D0EE08F007AD92C /* tuffy.ttf */ = {isa = PBXFileReference; lastKnownFileType = file; name = tuffy.ttf; path = ../tuffy.ttf; sourceTree = "<group>"; };
		00FFA1C12D0EE17C007AD92C /* libsfml-audio.2.6.2.dylib */ = {isa = PBXFileReference; lastKnownFileType = "compiled.mach-o.dylib"; name = "libsfml-audio.2.6.2.dylib"; path = "../../../../opt/homebrew/Cellar/sfml/2.6.2/lib/libsfml-audio.2.6.2.dylib"; sourceTree = "<group>"; };
		00FFA1C22D0EE17C007AD92C /* libsfml-window.2.6.dylib */ = {isa = PBXFileReference; lastKnownFileType = "compiled.mach-o.dylib"; name = "libsfml-window.2.6.dylib"; path = "../../../../opt/homebrew/Cellar/sfml/2.6.2/lib/libsfml-window.2.6.dylib"; sourceTree = "<group>"; };
		00FFA1C32D0EE17C007AD92C /* libsfml-graphics.dylib */ = {isa = PBXFileReference; lastKnownFileType = "compiled.mach-o.dylib"; name = "libsfml-graphics.dylib"; path = "../../../../opt/homebrew/Cellar/sfml/2.6.2/lib/libsfml-graphics.dylib"; sourceTree = "<group>"; };
		00FFA1C42D0EE17C007AD92C /* libsfml-network.dylib */ = {isa = PBXFileReference; lastKnownFileType = "compiled.mach-o.dylib"; name = "libsfml-network.dylib"; path = "../../../../opt/homebrew/Cellar/sfml/2.6.2/lib/libsfml-network.dylib"; sourceTree = "<group>"; };
		00FFA1C52D0EE17C007AD92C /* libsfml-network.2.6.dylib */ = {isa = PBXFileReference; lastKnownFileType = "compiled.mach-o.dylib"; name = "libsfml-network.2.6.dylib"; path = "../../../../opt/homebrew/Cellar/sfml/2.6.2/lib/libsfml-network.2.6.dylib"; sourceTree = "<group>"; };
		00FFA1C62D0EE17C007AD92C /* libsfml-audio.2.6.dylib */ = {isa = PBXFileReference; lastKnownFileType = "compiled.mach-o.dylib"; name = "libsfml-audio.2.6.dylib"; path = "../../../../opt/homebrew/Cellar/sfml/2.6.2/lib/libsfml-audio.2.6.dylib"; sourceTree = "<group>"; };
		00FFA1C72D0EE17C007AD92C /* libsfml-window.dylib */ = {isa = PBXFileReference; lastKnownFileType = "compiled.mach-o.dylib"; name = "libsfml-window.dylib"; path = "../../../../opt/homebrew/Cellar/sfml/2.6.2/lib/libsfml-window.dylib"; sourceTree = "<group>"; };
		00FFA1C82D0EE17C007AD92C /* libsfml-graphics.2.6.dylib */ = {isa = PBXFileReference; lastKnownFileType = "compiled.mach-o.dylib"; name = "libsfml-graphics.2.6.dylib"; path = "../../../../opt/homebrew/Cellar/sfml/2.6.2/lib/libsfml-graphics.2.6.dylib"; sourceTree = "<group>"; };
		00FFA1C92D0EE17C007AD92C /* libsfml-system.dylib */ = {isa = PBXFileReference; lastKnownFileType = "compiled.mach-o.dylib"; name = "libsfml-system.dylib"; path = "../../../../opt/homebrew/Cellar/sfml/2.6.2/lib/libsfml-system.dylib"; sourceTree = "<group>"; };
		00FFA1CA2D0EE17C007AD92C /* libsfml-system.2.6.dylib */ = {isa = PBXFileReference; lastKnownFileType = "compiled.mach-o.dylib"; name = "libsfml-system.2.6.dylib"; path = "../../../../opt/homebrew/Cellar/sfml/2.6.2/lib/libsfml-system.2.6.dylib"; sourceTree = "<group>"; };
		00FFA1CB2D0EE17D007AD92C /* libsfml-audio.dylib */ = {isa = PBXFileReference; lastKnownFileType = "compiled.mach-o.dylib"; name = "libsfml-audio.dylib"; path = "../../../../opt/homebrew/Cellar/sfml/2.6.2/lib/libsfml-audio.dylib"; sourceTree = "<group>"; };
		00FFA1CC2D0EE17D007AD92C /* libsfml-graphics.2.6.2.dylib */ = {isa = PBXFileReference; lastKnownFileType = "compiled.mach-o.dylib"; name = "libsfml-graphics.2.6.2.dylib"; path = "../../../../opt/homebrew/Cellar/sfml/2.6.2/lib/libsfml-graphics.2.6.2.dylib"; sourceTree = "<group>"; };
		00FFA1CD2D0EE17D007AD92C /* libsfml-window.2.6.2.dylib */ = {isa = PBXFileReference; lastKnownFileType = "compiled.mach-o.dylib"; name = "libsfml-window.2.6.2.dylib"; path = "../../../../opt/homebrew/Cellar/sfml/2.6.2/lib/libsfml-window.2.6.2.dylib"; sourceTree = "<group>"; };
		00FFA1CE2D0EE17D007AD92C /* libsfml-network.2.6.2.dylib */ = {isa = PBXFileReference; lastKnownFileType = "compiled.mach-o.dylib"; name = "libsfml-network.2.6.2.dylib"; path = "../../../../opt/homebrew/Cellar/sfml/2.6.2/lib/libsfml-network.2.6.2.dylib"; sourceTree = "<group>"; };
		00FFA2012D0EE201007AD92C /* Segment.cpp */ = {isa = PBXFileReference; lastKnownFileType = sourcecode.cpp.cpp; path = Segment.cpp; sourceTree = "<group>"; };
		00FFA2022D0EE201007AD92C /* Snake.cpp */ = {isa = PBXFileReference; lastKnownFileType = sourcecode.cpp.cpp; path = Snake.cpp; sourceTree = "<group>"; };
		00FFA2032D0EE201007AD92C /* Snake.h */ = {isa = PBXFileReference; lastKnownFileType = sourcecode.c.h; path = Snake.h; sourceTree = "<group>"; };
		00FFA2042D0EE201007AD92C /* SnakeGame.vcxproj.filters */ = {isa = PBXFileReference; lastKnownFileType = text.xml; path = SnakeGame.vcxproj.filters; sourceTree = "<group>"; };
		00FFA2052D0EE201007AD92C /* FoodSpawner.h */ = {isa = PBXFileReference; lastKnownFileType = sourcecode.c.h; path = FoodSpawner.h; sourceTree = "<group>"; };
		00FFA2062D0EE201007AD92C /* GameField.h */ = {isa = PBXFileReference; lastKnownFileType = sourcecode.c.h; path = GameField.h; sourceTree = "<group>"; };
		00FFA2072D0EE201007AD92C /* Direction.h */ = {isa = PBXFileReference; lastKnownFileType = sourcecode.c.h; path = Direction.h; sourceTree = "<group>"; };
		00FFA2082D0EE201007AD92C /* GameField.cpp */ = {isa = PBXFileReference; lastKnownFileType = sourcecode.cpp.cpp; path = GameField.cpp; sourceTree = "<group>"; };
		00FFA2092D0EE201007AD92C /* snake.png */ = {isa = PBXFileReference; lastKnownFileType = image.png; path = snake.png; sourceTree = "<group>"; };
		00FFA20A2D0EE201007AD92C /* Game.cpp */ = {isa = PBXFileReference; lastKnownFileType = sourcecode.cpp.cpp; path = Game.cpp; sourceTree = "<group>"; };
		00FFA20D2D0EE202007AD92C /* Segment.h */ = {isa = PBXFileReference; lastKnownFileType = sourcecode.c.h; path = Segment.h; sourceTree = "<group>"; };
		00FFA20E2D0EE202007AD92C /* Game.h */ = {isa = PBXFileReference; lastKnownFileType = sourcecode.c.h; path = Game.h; sourceTree = "<group>"; };
		00FFA20F2D0EE202007AD92C /* Direction.cpp */ = {isa = PBXFileReference; lastKnownFileType = sourcecode.cpp.cpp; path = Direction.cpp; sourceTree = "<group>"; };
		00FFA2102D0EE202007AD92C /* FoodSpawner.cpp */ = {isa = PBXFileReference; lastKnownFileType = sourcecode.cpp.cpp; path = FoodSpawner.cpp; sourceTree = "<group>"; };
		00FFA2112D0EE202007AD92C /* SnakeGame.vcxproj */ = {isa = PBXFileReference; lastKnownFileType = text.xml; path = SnakeGame.vcxproj; sourceTree = "<group>"; };
		00FFA2122D0EE202007AD92C /* main.cpp */ = {isa = PBXFileReference; lastKnownFileType = sourcecode.cpp.cpp; path = main.cpp; sourceTree = "<group>"; };
		00FFA2202D0F00D0007AD92C /* apple.png */ = {isa = PBXFileReference; lastKnownFileType = image.png; path = apple.png; sourceTree = "<group>"; };
		00FFA2222D0F05C6007AD92C /* background.png */ = {isa = PBXFileReference; lastKnownFileType = image.png; path = background.png; sourceTree = "<group>"; };
/* End PBXFileReference section */

/* Begin PBXFrameworksBuildPhase section */
		00FFA1872D0EE08F007AD92C /* Frameworks */ = {
			isa = PBXFrameworksBuildPhase;
			buildActionMask = 2147483647;
			files = (
				00FFA1CF2D0EE17D007AD92C /* libsfml-audio.2.6.2.dylib in Frameworks */,
				00FFA1D02D0EE17D007AD92C /* libsfml-window.2.6.dylib in Frameworks */,
				00FFA1D12D0EE17D007AD92C /* libsfml-graphics.dylib in Frameworks */,
				00FFA1D22D0EE17D007AD92C /* libsfml-network.dylib in Frameworks */,
				00FFA1D32D0EE17D007AD92C /* libsfml-network.2.6.dylib in Frameworks */,
				00FFA1D42D0EE17D007AD92C /* libsfml-audio.2.6.dylib in Frameworks */,
				00FFA1D52D0EE17D007AD92C /* libsfml-window.dylib in Frameworks */,
				00FFA1D62D0EE17D007AD92C /* libsfml-graphics.2.6.dylib in Frameworks */,
				00FFA1D72D0EE17D007AD92C /* libsfml-system.dylib in Frameworks */,
				00FFA1D82D0EE17D007AD92C /* libsfml-system.2.6.dylib in Frameworks */,
				00FFA1D92D0EE17D007AD92C /* libsfml-audio.dylib in Frameworks */,
				00FFA1DA2D0EE17D007AD92C /* libsfml-graphics.2.6.2.dylib in Frameworks */,
				00FFA1DB2D0EE17D007AD92C /* libsfml-window.2.6.2.dylib in Frameworks */,
				00FFA1DC2D0EE17D007AD92C /* libsfml-network.2.6.2.dylib in Frameworks */,
			);
			runOnlyForDeploymentPostprocessing = 0;
		};
/* End PBXFrameworksBuildPhase section */

/* Begin PBXGroup section */
		00FFA1812D0EE08F007AD92C = {
			isa = PBXGroup;
			children = (
				00FFA18D2D0EE08F007AD92C /* snake-sfml */,
				00FFA18C2D0EE08F007AD92C /* Products */,
				00FFA1C02D0EE17C007AD92C /* Frameworks */,
			);
			sourceTree = "<group>";
		};
		00FFA18C2D0EE08F007AD92C /* Products */ = {
			isa = PBXGroup;
			children = (
				00FFA18B2D0EE08F007AD92C /* snake-sfml.app */,
			);
			name = Products;
			sourceTree = "<group>";
		};
		00FFA18D2D0EE08F007AD92C /* snake-sfml */ = {
			isa = PBXGroup;
			children = (
				00FFA1902D0EE08F007AD92C /* ResourcePath.mm */,
				00FFA1922D0EE08F007AD92C /* ResourcePath.hpp */,
				00FFA20F2D0EE202007AD92C /* Direction.cpp */,
				00FFA2072D0EE201007AD92C /* Direction.h */,
				00FFA2102D0EE202007AD92C /* FoodSpawner.cpp */,
				00FFA2052D0EE201007AD92C /* FoodSpawner.h */,
				00FFA20A2D0EE201007AD92C /* Game.cpp */,
				00FFA2202D0F00D0007AD92C /* apple.png */,
				00FFA20E2D0EE202007AD92C /* Game.h */,
				00FFA2222D0F05C6007AD92C /* background.png */,
				00FFA2082D0EE201007AD92C /* GameField.cpp */,
				00FFA2062D0EE201007AD92C /* GameField.h */,
				00FFA2122D0EE202007AD92C /* main.cpp */,
				00FFA2012D0EE201007AD92C /* Segment.cpp */,
				00FFA20D2D0EE202007AD92C /* Segment.h */,
				00FFA2022D0EE201007AD92C /* Snake.cpp */,
				00FFA2032D0EE201007AD92C /* Snake.h */,
				00FFA2112D0EE202007AD92C /* SnakeGame.vcxproj */,
				00FFA2042D0EE201007AD92C /* SnakeGame.vcxproj.filters */,
				00FFA2092D0EE201007AD92C /* snake.png */,
				00FFA1952D0EE08F007AD92C /* Resources */,
				00FFA18E2D0EE08F007AD92C /* Supporting Files */,
			);
			path = "snake-sfml";
			sourceTree = "<group>";
		};
		00FFA18E2D0EE08F007AD92C /* Supporting Files */ = {
			isa = PBXGroup;
			children = (
				00FFA18F2D0EE08F007AD92C /* snake-sfml-Info.plist */,
			);
			path = "Supporting Files";
			sourceTree = "<group>";
		};
		00FFA1952D0EE08F007AD92C /* Resources */ = {
			isa = PBXGroup;
			children = (
				00FFA1982D0EE08F007AD92C /* doodle_pop.ogg */,
				00FFA19A2D0EE08F007AD92C /* tuffy.ttf */,
			);
			path = Resources;
			sourceTree = "<group>";
		};
		00FFA1C02D0EE17C007AD92C /* Frameworks */ = {
			isa = PBXGroup;
			children = (
				00FFA1C12D0EE17C007AD92C /* libsfml-audio.2.6.2.dylib */,
				00FFA1C62D0EE17C007AD92C /* libsfml-audio.2.6.dylib */,
				00FFA1CB2D0EE17D007AD92C /* libsfml-audio.dylib */,
				00FFA1CC2D0EE17D007AD92C /* libsfml-graphics.2.6.2.dylib */,
				00FFA1C82D0EE17C007AD92C /* libsfml-graphics.2.6.dylib */,
				00FFA1C32D0EE17C007AD92C /* libsfml-graphics.dylib */,
				00FFA1CE2D0EE17D007AD92C /* libsfml-network.2.6.2.dylib */,
				00FFA1C52D0EE17C007AD92C /* libsfml-network.2.6.dylib */,
				00FFA1C42D0EE17C007AD92C /* libsfml-network.dylib */,
				00FFA1CA2D0EE17C007AD92C /* libsfml-system.2.6.dylib */,
				00FFA1C92D0EE17C007AD92C /* libsfml-system.dylib */,
				00FFA1CD2D0EE17D007AD92C /* libsfml-window.2.6.2.dylib */,
				00FFA1C22D0EE17C007AD92C /* libsfml-window.2.6.dylib */,
				00FFA1C72D0EE17C007AD92C /* libsfml-window.dylib */,
			);
			name = Frameworks;
			sourceTree = "<group>";
		};
/* End PBXGroup section */

/* Begin PBXNativeTarget section */
		00FFA18A2D0EE08F007AD92C /* snake-sfml */ = {
			isa = PBXNativeTarget;
			buildConfigurationList = 00FFA1A02D0EE08F007AD92C /* Build configuration list for PBXNativeTarget "snake-sfml" */;
			buildPhases = (
				00FFA1862D0EE08F007AD92C /* Sources */,
				00FFA1872D0EE08F007AD92C /* Frameworks */,
				00FFA1882D0EE08F007AD92C /* Resources */,
				00FFA1892D0EE08F007AD92C /* ShellScript */,
			);
			buildRules = (
			);
			dependencies = (
			);
			name = "snake-sfml";
			productName = "snake-sfml";
			productReference = 00FFA18B2D0EE08F007AD92C /* snake-sfml.app */;
			productType = "com.apple.product-type.application";
		};
/* End PBXNativeTarget section */

/* Begin PBXProject section */
		00FFA1822D0EE08F007AD92C /* Project object */ = {
			isa = PBXProject;
			attributes = {
				BuildIndependentTargetsInParallel = 1;
				LastUpgradeCheck = 1540;
				ORGANIZATIONNAME = "Kirill I";
				TargetAttributes = {
					00FFA18A2D0EE08F007AD92C = {
						CreatedOnToolsVersion = 15.4;
					};
				};
			};
			buildConfigurationList = 00FFA1852D0EE08F007AD92C /* Build configuration list for PBXProject "snake-sfml" */;
			compatibilityVersion = "Xcode 14.0";
			developmentRegion = en;
			hasScannedForEncodings = 0;
			knownRegions = (
				en,
				Base,
			);
			mainGroup = 00FFA1812D0EE08F007AD92C;
			productRefGroup = 00FFA18C2D0EE08F007AD92C /* Products */;
			projectDirPath = "";
			projectRoot = "";
			targets = (
				00FFA18A2D0EE08F007AD92C /* snake-sfml */,
			);
		};
/* End PBXProject section */

/* Begin PBXResourcesBuildPhase section */
		00FFA1882D0EE08F007AD92C /* Resources */ = {
			isa = PBXResourcesBuildPhase;
			buildActionMask = 2147483647;
			files = (
				00FFA1992D0EE08F007AD92C /* doodle_pop.ogg in Resources */,
				00FFA2232D0F05C6007AD92C /* background.png in Resources */,
				00FFA19B2D0EE08F007AD92C /* tuffy.ttf in Resources */,
				00FFA2212D0F00D0007AD92C /* apple.png in Resources */,
			);
			runOnlyForDeploymentPostprocessing = 0;
		};
/* End PBXResourcesBuildPhase section */

/* Begin PBXShellScriptBuildPhase section */
		00FFA1892D0EE08F007AD92C /* ShellScript */ = {
			isa = PBXShellScriptBuildPhase;
			buildActionMask = 8;
			files = (
			);
			inputFileListPaths = (
			);
			inputPaths = (
			);
			outputFileListPaths = (
			);
			outputPaths = (
			);
			runOnlyForDeploymentPostprocessing = 1;
			shellPath = /bin/sh;
			shellScript = "# This shell script simply copies required SFML dylibs/frameworks into the application bundle frameworks folder.\n# If you're using static libraries (which is not recommended) you should remove this script from your project.\n\n# SETTINGS\nSFML_DEPENDENCIES_INSTALL_PREFIX=\"\"\nCMAKE_INSTALL_FRAMEWORK_PREFIX=\"/Users/sfml/Desktop/package/tmp/install/Library/Frameworks\"\nCMAKE_INSTALL_LIB_PREFIX=\"/Users/sfml/Desktop/package/tmp/install/Library/Frameworks/lib\"\nFRAMEWORKS_FULL_PATH=\"$BUILT_PRODUCTS_DIR/$FRAMEWORKS_FOLDER_PATH/\"\n\n# Are we building a project that uses frameworks or dylibs?\ncase \"$SFML_BINARY_TYPE\" in\n    DYLIBS)\n        frameworks=\"false\"\n        ;;\n    *)\n        frameworks=\"true\"\n        ;;\nesac\n\n# Echoes to stderr\nerror () # $* message to display\n{\n    echo $* 1>&2\n    exit 2\n}\n\nassert () # $1 is a boolean, $2...N is an error message\n{\n    if [ $# -lt 2 ]\n    then\n        error \"Internal error in assert: not enough args\"\n    fi\n\n    if [ $1 -ne 0 ]\n    then\n        shift\n        error \"$*\"\n    fi\n}\n\nforce_remove () # $@ is some paths\n{\n    test $# -ge 1\n    assert $? \"force_remove() requires at least one parameter\"\n    rm -fr $@\n    assert $? \"couldn't remove $@\"\n}\n\ncopy () # $1 is a source, $2 is a destination\n{\n    test $# -eq 2\n    assert $? \"copy() requires two parameters\"\n    ditto \"$1\" \"$2\"\n    assert $? \"couldn't copy $1 to $2\"\n}\n\nrequire () # $1 is a SFML module like 'system' or 'audio'\n{\n    dest=\"$BUILT_PRODUCTS_DIR/$FRAMEWORKS_FOLDER_PATH/\"\n\n    if [ -z \"$1\" ]\n    then\n        error \"require() requires one parameter!\"\n    else\n        # clean potentially old stuff\n        force_remove \"$dest/libsfml-$1\"*\n        force_remove \"$dest/sfml-$1.framework\"\n\n        # copy SFML libraries\n        if [ \"$frameworks\" = \"true\" ]\n        then\n            source=\"$CMAKE_INSTALL_FRAMEWORK_PREFIX/sfml-$1.framework\"\n            target=\"sfml-$1.framework\"\n        elif [ \"$SFML_LINK_DYLIBS_SUFFIX\" = \"-d\" ]\n        then\n            source=\"$CMAKE_INSTALL_LIB_PREFIX/libsfml-$1-d.dylib\"\n            target=\"`readlink $source`\"\n        else\n            source=\"$CMAKE_INSTALL_LIB_PREFIX/libsfml-$1.dylib\"\n            target=\"`readlink $source`\"\n        fi\n\n        copy \"$source\" \"$dest/$target\"\n\n        # copy extra dependencies\n        if [ \"$1\" = \"audio\" ]\n        then\n            # copy \"FLAC\" \"ogg\" \"vorbis\" \"vorbisenc\" \"vorbisfile\" \"OpenAL\" frameworks too\n            for f in \"FLAC\" \"ogg\" \"vorbis\" \"vorbisenc\" \"vorbisfile\" \"OpenAL\"\n            do\n                copy \"$SFML_DEPENDENCIES_INSTALL_PREFIX/$f.framework\" \"$dest/$f.framework\"\n            done\n        elif [ \"$1\" = \"graphics\" ]\n        then\n            copy \"$SFML_DEPENDENCIES_INSTALL_PREFIX/freetype.framework\" \"$dest/freetype.framework\"\n        fi\n    fi\n}\n\nif [ -n \"$SFML_SYSTEM\" ]\nthen\n    require \"system\"\nfi\n\nif [ -n \"$SFML_AUDIO\" ]\nthen\n    require \"audio\"\nfi\n\nif [ -n \"$SFML_NETWORK\" ]\nthen\n    require \"network\"\nfi\n\nif [ -n \"$SFML_WINDOW\" ]\nthen\n    require \"window\"\nfi\n\nif [ -n \"$SFML_GRAPHICS\" ]\nthen\n    require \"graphics\"\nfi\n\n                \n";
		};
/* End PBXShellScriptBuildPhase section */

/* Begin PBXSourcesBuildPhase section */
		00FFA1862D0EE08F007AD92C /* Sources */ = {
			isa = PBXSourcesBuildPhase;
			buildActionMask = 2147483647;
			files = (
				00FFA2152D0EE202007AD92C /* FoodSpawner.cpp in Sources */,
				00FFA2182D0EE202007AD92C /* Segment.cpp in Sources */,
				00FFA2172D0EE202007AD92C /* main.cpp in Sources */,
				00FFA1912D0EE08F007AD92C /* ResourcePath.mm in Sources */,
				00FFA2162D0EE202007AD92C /* Game.cpp in Sources */,
				00FFA2192D0EE202007AD92C /* Snake.cpp in Sources */,
				00FFA2132D0EE202007AD92C /* Direction.cpp in Sources */,
				00FFA2142D0EE202007AD92C /* GameField.cpp in Sources */,
			);
			runOnlyForDeploymentPostprocessing = 0;
		};
/* End PBXSourcesBuildPhase section */

/* Begin XCBuildConfiguration section */
		00FFA19E2D0EE08F007AD92C /* Debug */ = {
			isa = XCBuildConfiguration;
			buildSettings = {
				ARCHS = "$(NATIVE_ARCH_ACTUAL)";
				CLANG_CXX_LANGUAGE_STANDARD = "c++11";
				CLANG_CXX_LIBRARY = "libc++";
				FRAMEWORK_SEARCH_PATHS = (
					/Library/Frameworks/,
					"$(inherited)",
				);
				GCC_VERSION = com.apple.compilers.llvm.clang.1_0;
				HEADER_SEARCH_PATHS = (
					/usr/local/include/,
					"$(inherited)",
				);
				LIBRARY_SEARCH_PATHS = (
					/usr/local/lib/,
					"$(inherited)",
				);
				MACOSX_DEPLOYMENT_TARGET = 11.00;
				OTHER_LDFLAGS = (
					"$(inherited)",
					"$(SFML_SYSTEM)",
					"$(SFML_WINDOW)",
					"$(SFML_GRAPHICS)",
					"$(SFML_AUDIO)",
					"$(SFML_NETWORK)",
				);
				SFML_AUDIO = "$(SFML_LINK_PREFIX) sfml-audio$(SFML_LINK_SUFFIX)";
				SFML_BINARY_TYPE = DYLIBS;
				SFML_GRAPHICS = "$(SFML_LINK_PREFIX) sfml-graphics$(SFML_LINK_SUFFIX)";
				SFML_LINK_DYLIBS_PREFIX = "-l";
				SFML_LINK_DYLIBS_SUFFIX = "";
				SFML_LINK_FRAMEWORKS_PREFIX = "-framework";
				SFML_LINK_FRAMEWORKS_SUFFIX = "";
				SFML_LINK_PREFIX = "$(SFML_LINK_$(SFML_BINARY_TYPE)_PREFIX)";
				SFML_LINK_SUFFIX = "$(SFML_LINK_$(SFML_BINARY_TYPE)_SUFFIX)";
				SFML_NETWORK = "$(SFML_LINK_PREFIX) sfml-network$(SFML_LINK_SUFFIX)";
				SFML_SYSTEM = "$(SFML_LINK_PREFIX) sfml-system$(SFML_LINK_SUFFIX)";
				SFML_WINDOW = "$(SFML_LINK_PREFIX) sfml-window$(SFML_LINK_SUFFIX)";
				SUPPORTED_PLATFORMS = macosx;
			};
			name = Debug;
		};
		00FFA19F2D0EE08F007AD92C /* Release */ = {
			isa = XCBuildConfiguration;
			buildSettings = {
				ARCHS = "$(NATIVE_ARCH_ACTUAL)";
				CLANG_CXX_LANGUAGE_STANDARD = "c++11";
				CLANG_CXX_LIBRARY = "libc++";
				FRAMEWORK_SEARCH_PATHS = (
					/Library/Frameworks/,
					"$(inherited)",
				);
				GCC_VERSION = com.apple.compilers.llvm.clang.1_0;
				HEADER_SEARCH_PATHS = (
					/usr/local/include/,
					"$(inherited)",
				);
				LIBRARY_SEARCH_PATHS = (
					/usr/local/lib/,
					"$(inherited)",
				);
				MACOSX_DEPLOYMENT_TARGET = 11.00;
				OTHER_LDFLAGS = (
					"$(inherited)",
					"$(SFML_SYSTEM)",
					"$(SFML_WINDOW)",
					"$(SFML_GRAPHICS)",
					"$(SFML_AUDIO)",
					"$(SFML_NETWORK)",
				);
				SFML_AUDIO = "$(SFML_LINK_PREFIX) sfml-audio$(SFML_LINK_SUFFIX)";
				SFML_BINARY_TYPE = DYLIBS;
				SFML_GRAPHICS = "$(SFML_LINK_PREFIX) sfml-graphics$(SFML_LINK_SUFFIX)";
				SFML_LINK_DYLIBS_PREFIX = "-l";
				SFML_LINK_DYLIBS_SUFFIX = "";
				SFML_LINK_FRAMEWORKS_PREFIX = "-framework";
				SFML_LINK_FRAMEWORKS_SUFFIX = "";
				SFML_LINK_PREFIX = "$(SFML_LINK_$(SFML_BINARY_TYPE)_PREFIX)";
				SFML_LINK_SUFFIX = "$(SFML_LINK_$(SFML_BINARY_TYPE)_SUFFIX)";
				SFML_NETWORK = "$(SFML_LINK_PREFIX) sfml-network$(SFML_LINK_SUFFIX)";
				SFML_SYSTEM = "$(SFML_LINK_PREFIX) sfml-system$(SFML_LINK_SUFFIX)";
				SFML_WINDOW = "$(SFML_LINK_PREFIX) sfml-window$(SFML_LINK_SUFFIX)";
				SUPPORTED_PLATFORMS = macosx;
			};
			name = Release;
		};
		00FFA1A12D0EE08F007AD92C /* Debug */ = {
			isa = XCBuildConfiguration;
			buildSettings = {
				CODE_SIGN_STYLE = Automatic;
				HEADER_SEARCH_PATHS = /opt/homebrew/Cellar/sfml/2.6.2/include/;
				INFOPLIST_FILE = "snake-sfml/snake-sfml-Info.plist";
				LD_RUNPATH_SEARCH_PATHS = "@loader_path/../Frameworks";
				LIBRARY_SEARCH_PATHS = (
					/opt/homebrew/Cellar/sfml/2.6.2/lib/,
					/opt/homebrew/Cellar/sfml/2.6.2/lib,
				);
				PRODUCT_NAME = "$(TARGET_NAME)";
			};
			name = Debug;
		};
		00FFA1A22D0EE08F007AD92C /* Release */ = {
			isa = XCBuildConfiguration;
			buildSettings = {
				CODE_SIGN_STYLE = Automatic;
				HEADER_SEARCH_PATHS = /opt/homebrew/Cellar/sfml/2.6.2/include/;
				INFOPLIST_FILE = "snake-sfml/snake-sfml-Info.plist";
				LD_RUNPATH_SEARCH_PATHS = "@loader_path/../Frameworks";
				LIBRARY_SEARCH_PATHS = (
					/opt/homebrew/Cellar/sfml/2.6.2/lib/,
					/opt/homebrew/Cellar/sfml/2.6.2/lib,
				);
				PRODUCT_NAME = "$(TARGET_NAME)";
			};
			name = Release;
		};
/* End XCBuildConfiguration section */

/* Begin XCConfigurationList section */
		00FFA1852D0EE08F007AD92C /* Build configuration list for PBXProject "snake-sfml" */ = {
			isa = XCConfigurationList;
			buildConfigurations = (
				00FFA19E2D0EE08F007AD92C /* Debug */,
				00FFA19F2D0EE08F007AD92C /* Release */,
			);
			defaultConfigurationIsVisible = 0;
			defaultConfigurationName = Release;
		};
		00FFA1A02D0EE08F007AD92C /* Build configuration list for PBXNativeTarget "snake-sfml" */ = {
			isa = XCConfigurationList;
			buildConfigurations = (
				00FFA1A12D0EE08F007AD92C /* Debug */,
				00FFA1A22D0EE08F007AD92C /* Release */,
			);
			defaultConfigurationIsVisible = 0;
			defaultConfigurationName = Release;
		};
/* End XCConfigurationList section */
	};
	rootObject = 00FFA1822D0EE08F007AD92C /* Project object */;
}
